{
    "_meta": {
        "hash": {
            "sha256": "ae74e99c77524be5b0c7fd6e7dd60a55c756e4ec312f2c7ceda0e65ee4c49cb4"
        },
        "pipfile-spec": 6,
        "requires": {
            "python_version": "3.7"
        },
        "sources": [
            {
                "name": "pypi",
                "url": "https://pypi.org/simple",
                "verify_ssl": true
            }
        ]
    },
    "default": {
        "grpcio": {
            "hashes": [
                "sha256:075f2d06e3db6b48a2157a1bcd52d6cbdca980dd18988fe6afdb41795d51625f",
                "sha256:08ff74aec8ff457a89b97152d36cb811dcc1d17cd5a92a65933524e363327394",
                "sha256:0b24a74651438d45619ac67004638856f76cc13d78b7478f2457754cbcb1c8ad",
                "sha256:0e20d59aafc086b1cc68400463bddda6e41d3e5ed30851d1e2e0f6a2e7e342d3",
                "sha256:120fecba2ec5d14b5a15d11063b39783fda8dc8d24addd83196acb6582cabd9b",
                "sha256:17bb6fe72784b630728c6cff9c9d10ccc3b6d04e85da6e0a7b27fb1d135fac62",
                "sha256:18305d5a082d1593b005a895c10041f833b16788e88b02bb81061f5ebcc465df",
                "sha256:196082b9c89ebf0961dcd77cb114bed8171964c8e3063b9da2fb33536a6938ed",
                "sha256:1c66a25afc6c71d357867b341da594a5587db5849b48f4b7d5908d236bb62ede",
                "sha256:1cc400c8a2173d1c042997d98a9563e12d9bb3fb6ad36b7f355bc77c7663b8af",
                "sha256:2070e87d95991473244c72d96d13596c751cb35558e11f5df5414981e7ed2492",
                "sha256:2106d9c16527f0a85e2eea6e6b91a74fc99579c60dd810d8690843ea02bc0f5f",
                "sha256:221d42c654d2a41fa31323216279c73ed17d92f533bc140a3390cc1bd78bf63c",
                "sha256:274ffbb39717918c514b35176510ae9be06e1d93121e84d50b350861dcb9a705",
                "sha256:2f2ff7ba0f8f431f32d4b4bc3a3713426949d3533b08466c4ff1b2b475932ca8",
                "sha256:34f736bd4d0deae90015c0e383885b431444fe6b6c591dea288173df20603146",
                "sha256:46d93a1b4572b461a227f1db6b8d35a88952db1c47e5fadcf8b8a2f0e1dd9201",
                "sha256:49b301740cf5bc8fed4fee4c877570189ae3951432d79fa8e524b09353659811",
                "sha256:4fcedcab49baaa9db4a2d240ac81f2d57eb0052b1c6a9501b46b8ae912720fbf",
                "sha256:5207f4eed1b775d264fcfe379d8541e1c43b878f2b63c0698f8f5c56c40f3d68",
                "sha256:52dd02b7e7868233c571b49bc38ebd347c3bb1ff8907bb0cb74cb5f00c790afc",
                "sha256:5f8b3a971c7820ea9878f3fd70086240a36aeee15d1b7e9ecbc2743b0e785568",
                "sha256:64419cb8a5b612cdb1550c2fd4acbb7d4fb263556cf4625f25522337e461509e",
                "sha256:6b6c3a95d27846f4145d6967899b3ab25fffc6ae99544415e1adcacef84842d2",
                "sha256:6fd0c9cede9552bf00f8c5791d257d5bf3790d7057b26c59df08be5e7a1e021d",
                "sha256:822ceec743d42a627e64ea266059a62d214c5a3cdfcd0d7fe2b7a8e4e82527c7",
                "sha256:8a5272061826e6164f96e3255405ef6f73b88fd3e8bef464c7d061af8585ac62",
                "sha256:8c9f89c42749890618cd3c2464e1fbf88446e3d2f67f1e334c8e5db2f3272bbd",
                "sha256:9b449e966ef518ce9c860d21f8afe0b0f055220d95bc710301752ac1db96dd6a",
                "sha256:9fb17ff8c0d56099ac6ebfa84f670c5a62228d6b5c695cf21c02160c2ac1446b",
                "sha256:a4f9ba141380abde6c3adc1727f21529137a2552002243fa87c41a07e528245c",
                "sha256:a7d0017b92d3850abea87c1bdec6ea41104e71c77bca44c3e17f175c6700af62",
                "sha256:aa34d2ad9f24e47fa9a3172801c676e4037d862247e39030165fe83821a7aafd",
                "sha256:afbb3475cf7f4f7d380c2ca37ee826e51974f3e2665613996a91d6a58583a534",
                "sha256:b6a1b39e59ac5a3067794a0e498911cf2e37e4b19ee9e9977dc5e7051714f13f",
                "sha256:cf0a1fb18a7204b9c44623dfbd1465b363236ce70c7a4ed30402f9f60d8b743b",
                "sha256:d0d402e158d4e84e49c158cb5204119d55e1baf363ee98d6cb5dce321c3a065d",
                "sha256:d4725fc9ec8e8822906ae26bb26f5546891aa7fbc3443de970cc556d43a5c99f",
                "sha256:dc79b2b37d779ac42341ddef40ad5bf0966a64af412c89fc2b062e3ddabb093f",
                "sha256:e1e83233d4680863a421f3ee4a7a9b80d33cd27ee9ed7593bc93f6128302d3f2",
                "sha256:ea9d0172445241ad7cb49577314e39d0af2c5267395b3561d7ced5d70458a9f3",
                "sha256:f1a3b88e3c53c1a6e6bed635ec1bbb92201bb6a1f2db186179f7f3f244829788",
                "sha256:fa9e6e61391e99708ac87fc3436f6b7b9c6b845dc4639b406e5e61901e1aacde",
                "sha256:fd86040232e805b8e6378b2348c928490ee595b058ce9aaa27ed8e4b0f172b20",
                "sha256:fe763781669790dc8b9618e7e677c839c87eae6cf28b655ee1fa69ae04eea03f"
            ],
            "markers": "python_version >= '3.7'",
            "version": "==1.49.1"
        },
        "grpcio-tools": {
            "hashes": [
                "sha256:007c075eb9611379fa8f520a1865b9afd850469495b0e4a46e1349b2dc1744ce",
                "sha256:02ae9708bdd3f329b1abe1ee16b1d768b2dd7a036a8a57e342d08ee8ca054cec",
                "sha256:2f10226bfea4f947de355008b14fb4711c85fc1121570833a96f0e2cd8de580f",
                "sha256:314354c7321c84a6e176a99afe1945c933b8a38b4f837255c8decfef8d07f24e",
                "sha256:406b530c283a2bb804a10ee97928290b0b60788cd114ddfce0faa681cccfe4b8",
                "sha256:49e7682e505e6a1d35459dae1d8a616a08d5cfa6f05de00235aff2e15786af14",
                "sha256:4a5c2b38078fc4b949e4e70f7e25cb80443d1ee9a648ce4223aa3c040a0d3b9b",
                "sha256:4b40291d67a1fecb5170ed9ec32016e2ae07908a8fa143d2d37311b2bcbeb2c5",
                "sha256:4b72b04cba6ecd1940d6eda07886f80fe71fb2e669f1095ebab58b1eb17a53fa",
                "sha256:4cc95d5fddebb9348fafcc4c0147745882794ded7cfd5282b2aa158596c77a8a",
                "sha256:4ce0261bd4426482a96467ed9ad8411417a6932c331a5bb35aa1907f618f34f6",
                "sha256:5226371a2b569c62be0d0590ccff7bbb9566762f243933efbd4b695f9f108cd5",
                "sha256:52aab4cbab10683f8830420c0b55ccdc6344702b4a0940913d71fe928dd731c9",
                "sha256:532a19419535a92a1b621222f70d6da7624151fe69afa4a1063be56e7a2b884a",
                "sha256:5a8d44add097e0a3a7c27e66a8ed0aa2fd561cda77381e818cf7862d4ad0f629",
                "sha256:64f6027887e32a938f00b2344c337c6d4f7c4cf157ec2e84b1dd6b6fddad8e50",
                "sha256:651b0441e8d8f302b44fb50397fe73dcd5e61b790533438e690055abdef3b234",
                "sha256:67d12ec4548dd2b1f15c9e3a953c8f48d8c3441c2d8bd143fc3af95a1c041c2b",
                "sha256:6c029341132a0e64cbd2dba1dda9a125e06a798b9ec864569afdecce626dd5d5",
                "sha256:6e64214709f37b347875ac83cfed4e9cfd287f255dab2836521f591620412c40",
                "sha256:6f70fc9a82a0145296358720cf24f83a657a745e8b51ec9564f4c9e678c5b872",
                "sha256:6fb4739eb5eef051945b16b3c434d08653ea05f0313cf88495ced5d9db641745",
                "sha256:79b5b1c172dafb0e76aa95bf572d4c7afc0bf97a1669b2228a0bc151071c4666",
                "sha256:7d02755480cec3c0222f35397e810bfaf4cf9f2bf2e626f7f6efc1d40fffb7fa",
                "sha256:818f2b8168760cf16e66fe85894a37afcff5378a64939549663a371216618498",
                "sha256:834564c2fba02c31179af081bd80aada8dfdcca52c80e241353f6063b6154bd2",
                "sha256:8b17347a90a14386641ffe57743bbb01a16a7149c95905364d3c8091ad377bd8",
                "sha256:902e13dbaca9733e4668928967b301526197ecffacb8c7a0acc0c7045de8836f",
                "sha256:988014c714ca654b3b7ca9f4dabfe487b00e023bfdd9eaf1bb0fed82bf8c4255",
                "sha256:9a83d39e198cbed5d093f43790b92945ab74140357ec00e53ae13b421489ffb7",
                "sha256:ac7649cff7354d2f04ebe2872f786a1d07547deded61f3d39036ebb569de91bc",
                "sha256:b013d93bc6dc5c7bf3642bf30e673daee46f9a4984fbd9588a9cda1071278414",
                "sha256:b02701d40f1ccf16bc8c46f56bdbf89e03110bd8fd570c854e72299ce2920c35",
                "sha256:b0ef0da2eec959def8ba508b2a763c492f1fb989446a422d1456ac17dc1b19f4",
                "sha256:bb8264ccf8ff904a1a396dc757ac1560b24f270b90e7dabb0ae3f637cb351bb3",
                "sha256:bbfb58f5c0aa27b599141bb5eacaf8116b55ad89bc5a2c3afd5e965d840ad341",
                "sha256:c1a482fdd8952a7f0098f78161a4deef8a500e54babef302548cd9f1e326d42c",
                "sha256:c40efc662fa037898488e31756242af68a8ab5729f939bc8c9ba259bc32e7d6a",
                "sha256:c5ad07adae3fe62761bc662c554c2734203f0f700616fc58138b852a7ef5e40e",
                "sha256:c765512cb5cb4afaf652837b8cc69229dee14c8e92f15a6ea0f4dfd646902dd2",
                "sha256:c871f5a89012ae44d9233305d74dfdd2059a78f0cb0303d38a4b6a562c6f9ba7",
                "sha256:cc950fb17c1172d0c0129e8c6e787206e7ef8c24a8e39005f8cc297e9faa4f9a",
                "sha256:d3619b43009a5c82cb7ef11847518236140d7ffdcc6600e1a151b8b49350693a",
                "sha256:dc17a8a8b39cb37380d927d4669882af4ccc7d3ee298a15a3004f4b18ecd2ac3",
                "sha256:eab3684ce9dec3a934a36ba79e8435210d07c50906425ab157eeb4b14503a925",
                "sha256:f258b32dffd27ef1eb5f5f01ebb115dfad07677b0510b41f786c511a62ded033",
                "sha256:f550c94728b67a7eeddc35b03c99552f2d7aac09c52935ad4b0552d0843fd03c",
                "sha256:f7fc690a517c8f3765796ed005bb3273895a985a8593977291bad24568e018e3"
            ],
            "index": "pypi",
            "version": "==1.25.0"
        },
        "protobuf": {
            "hashes": [
                "sha256:0c44e01f74109decea196b5b313b08edb5316df77313995594a6981e95674259",
                "sha256:15cdecb0d192ab5f17cdc21a9c0ae7b5c6c4451e42c8a888a4f3344c190e369c",
                "sha256:196a153e487c0e20d62259872bbf2e1c4fa18e2ce97e20984fcbf9d8b151058d",
                "sha256:3149c373e9b7ce296bb24d42a3eb677d620185b5dff2c390b2cf57baf79afdc1",
                "sha256:370a6b885e94adda021d4cbe43accdfbf6a02af651a0be337a28906a3fa77f3d",
                "sha256:474247630834f93214fafce49d2ee6ff4c036c8c5382b88432b7eae6f08f131b",
                "sha256:6380aae2683d0d1b41199e591c8ba06f867e8a778d44309af87073c1b34a9f3a",
                "sha256:6741d7d1cfcbdd6cf610f38b7976cf8c0b41022203555298925e4061b6616608",
                "sha256:700787cb56b4cb7b8ed5f7d197b9d8f30080f257f3c7431eec1fdd8060660929",
                "sha256:8117b52c2531e4033f7d02b9be5a78564da41a8b02c255e1b731ad4bd75e7dc0",
                "sha256:850da2072d98c6e576b7eb29734cdde6fd9f5d157e43d7818d79f4b373ef5d51",
                "sha256:85d1fb5ff1d638a0045bbe4f01a8f287023aa4f2b29011445b1be0edc74a2103",
                "sha256:93bca9aaeee8008e15696c2a6b5e56b992da03f9d237ff54310e397d635f8305",
                "sha256:98d414513ec44bb3ba77ebdeffcbbe6ebbf3630c767d37a285890c2414fdd4e2",
                "sha256:a7f91a4e5bf3cc58b2830c9cb01b04ac5e211c288048e9296cd407ec0455fb89",
                "sha256:abbcb8ecd19cfb729b9b71f9a453e37c0c1c017be4bff47804ff25150685386d",
                "sha256:b03966ca4d1aa7850f5bf0d841c22a8eeb6ce091f77e585ffeb8b95a6b0a96c4",
                "sha256:cde2a73b03049b904dbc5d0f500b97e11abb4109dbe2940e6a1595e2eef4e8a9",
                "sha256:d52a687e2c74c40f45abd6906f833d4e40f0f8cfa4226a80e4695fedafe6c57e",
                "sha256:e68ad00695547d9397dd14abd3efba23cb31cef67228f4512d41396971889812",
                "sha256:e9bffd52d6ee039a1cafb72475b2900c6fd0f0dca667fb7a09af0a3e119e78cb"
            ],
            "index": "pypi",
            "version": "==3.18.3"
        },
        "six": {
            "hashes": [
                "sha256:1e61c37477a1626458e36f7b1d82aa5c9b094fa4802892072e49de9c60c4c926",
                "sha256:8abb2f1d86890a2dfb989f9a77cfcfd3e47c2a354b01111771326f8aa26e0254"
            ],
            "markers": "python_version >= '2.7' and python_version not in '3.0, 3.1, 3.2, 3.3'",
            "version": "==1.16.0"
        }
    },
    "develop": {}
}
